
Microsoft Visual Studio Solution File, Format Version 12.00
# Visual Studio 14
VisualStudioVersion = 14.0.25420.1
MinimumVisualStudioVersion = 10.0.40219.1
Project("{FAE04EC0-301F-11D3-BF4B-00C04F79EFBC}") = "HNReport", "HNReport\HNReport.csproj", "{69ABFCE5-0E0D-49E1-8972-90ABFE8CD9C4}"
EndProject
Project("{FAE04EC0-301F-11D3-BF4B-00C04F79EFBC}") = "test", "test\test.csproj", "{DAF5E694-24B5-43CC-96B0-43B4A8E87D0F}"
EndProject
Global
	GlobalSection(SolutionConfigurationPlatforms) = preSolution
		Debug|Any CPU = Debug|Any CPU
		Release|Any CPU = Release|Any CPU
	EndGlobalSection
	GlobalSection(ProjectConfigurationPlatforms) = postSolution
		{69ABFCE5-0E0D-49E1-8972-90ABFE8CD9C4}.Debug|Any CPU.ActiveCfg = Debug|Any CPU
		{69ABFCE5-0E0D-49E1-8972-90ABFE8CD9C4}.Debug|Any CPU.Build.0 = Debug|Any CPU
		{69ABFCE5-0E0D-49E1-8972-90ABFE8CD9C4}.Release|Any CPU.ActiveCfg = Release|Any CPU
		{69ABFCE5-0E0D-49E1-8972-90ABFE8CD9C4}.Release|Any CPU.Build.0 = Release|Any CPU
		{DAF5E694-24B5-43CC-96B0-43B4A8E87D0F}.Debug|Any CPU.ActiveCfg = Debug|Any CPU
		{DAF5E694-24B5-43CC-96B0-43B4A8E87D0F}.Debug|Any CPU.Build.0 = Debug|Any CPU
		{DAF5E694-24B5-43CC-96B0-43B4A8E87D0F}.Release|Any CPU.ActiveCfg = Release|Any CPU
		{DAF5E694-24B5-43CC-96B0-43B4A8E87D0F}.Release|Any CPU.Build.0 = Release|Any CPU
	EndGlobalSection
	GlobalSection(SolutionProperties) = preSolution
		HideSolutionNode = FALSE
	EndGlobalSection
EndGlobal
