
Microsoft Visual Studio Solution File, Format Version 12.00
# Visual Studio Version 16
VisualStudioVersion = 16.0.29001.49
MinimumVisualStudioVersion = 10.0.40219.1
Project("{FAE04EC0-301F-11D3-BF4B-00C04F79EFBC}") = "Mvvm", "Mvvm.csproj", "{8F15B974-9A8E-419A-A319-76813E9F7B68}"
EndProject
Global
	GlobalSection(SolutionConfigurationPlatforms) = preSolution
		Debug|Any CPU = Debug|Any CPU
		Release|Any CPU = Release|Any CPU
	EndGlobalSection
	GlobalSection(ProjectConfigurationPlatforms) = postSolution
		{8F15B974-9A8E-419A-A319-76813E9F7B68}.Debug|Any CPU.ActiveCfg = Debug|Any CPU
		{8F15B974-9A8E-419A-A319-76813E9F7B68}.Debug|Any CPU.Build.0 = Debug|Any CPU
		{8F15B974-9A8E-419A-A319-76813E9F7B68}.Release|Any CPU.ActiveCfg = Release|Any CPU
		{8F15B974-9A8E-419A-A319-76813E9F7B68}.Release|Any CPU.Build.0 = Release|Any CPU
	EndGlobalSection
	GlobalSection(SolutionProperties) = preSolution
		HideSolutionNode = FALSE
	EndGlobalSection
	GlobalSection(ExtensibilityGlobals) = postSolution
		SolutionGuid = {34AE6BF7-4214-4122-A50D-AC5D3FD2AF45}
	EndGlobalSection
EndGlobal
